
Microsoft Visual Studio Solution File, Format Version 12.00
# Visual Studio 2017
Project("{FAE04EC0-301F-11D3-BF4B-00C04F79EFBC}") = "Help Me Please", "Help Me Please.csproj", "{E02B7818-0200-2D6C-6601-921CA81DCA54}"
EndProject
Global
	GlobalSection(SolutionConfigurationPlatforms) = preSolution
		Debug|Any CPU = Debug|Any CPU
		Release|Any CPU = Release|Any CPU
	EndGlobalSection
	GlobalSection(ProjectConfigurationPlatforms) = postSolution
		{E02B7818-0200-2D6C-6601-921CA81DCA54}.Debug|Any CPU.ActiveCfg = Debug|Any CPU
		{E02B7818-0200-2D6C-6601-921CA81DCA54}.Debug|Any CPU.Build.0 = Debug|Any CPU
		{E02B7818-0200-2D6C-6601-921CA81DCA54}.Release|Any CPU.ActiveCfg = Release|Any CPU
		{E02B7818-0200-2D6C-6601-921CA81DCA54}.Release|Any CPU.Build.0 = Release|Any CPU
	EndGlobalSection
	GlobalSection(SolutionProperties) = preSolution
		HideSolutionNode = FALSE
	EndGlobalSection
EndGlobal
